
Microsoft Visual Studio Solution File, Format Version 12.00
# Visual Studio 15
VisualStudioVersion = 15.0.27703.2018
MinimumVisualStudioVersion = 10.0.40219.1
Project("{9A19103F-16F7-4668-BE54-9A1E7A4F7556}") = "SlackClone", "SlackClone.csproj", "{05068670-A1DC-4D12-BA6C-B1060CBE7F21}"
EndProject
Global
	GlobalSection(SolutionConfigurationPlatforms) = preSolution
		Debug|Any CPU = Debug|Any CPU
		Release|Any CPU = Release|Any CPU
	EndGlobalSection
	GlobalSection(ProjectConfigurationPlatforms) = postSolution
		{05068670-A1DC-4D12-BA6C-B1060CBE7F21}.Debug|Any CPU.ActiveCfg = Debug|Any CPU
		{05068670-A1DC-4D12-BA6C-B1060CBE7F21}.Debug|Any CPU.Build.0 = Debug|Any CPU
		{05068670-A1DC-4D12-BA6C-B1060CBE7F21}.Release|Any CPU.ActiveCfg = Release|Any CPU
		{05068670-A1DC-4D12-BA6C-B1060CBE7F21}.Release|Any CPU.Build.0 = Release|Any CPU
	EndGlobalSection
	GlobalSection(SolutionProperties) = preSolution
		HideSolutionNode = FALSE
	EndGlobalSection
	GlobalSection(ExtensibilityGlobals) = postSolution
		SolutionGuid = {90E11A07-A721-4BA6-B0C8-EB51E6C14BE9}
	EndGlobalSection
EndGlobal
